github.com/couchbase/cbauth v0.0.0-20201026062450-0eaf917092a2 h1:5foV+7WjcPEEhiG7MLWU4Vx7WmlwcZ/cU1VkoFEsj0g=
github.com/couchbase/cbauth v0.0.0-20201026062450-0eaf917092a2/go.mod h1:overPK2NvYkkZBWX0eqmuHB82nhhs8rt7A4wi5u7c2g=
github.com/couchbase/clog v0.0.0-20190523192451-b8e6d5d421bc h1:raV5sJWF+axK2Nv6Zrn/pOlYfbHHlLQ2LsRowsmGABE=
github.com/couchbase/clog v0.0.0-20190523192451-b8e6d5d421bc/go.mod h1:7tzUpEOsE+fgU81yfcjy5N1H6XtbVC8SgOz/3mCjmd4=
github.com/couchbase/go-couchbase v0.0.0-20210301172442-553722772724 h1:4sL4pFRskBzh2tgbVxkG0xd8Ek24o+qKNhy9vG2QkIg=
github.com/couchbase/go-couchbase v0.0.0-20210301172442-553722772724/go.mod h1:+/bddYDxXsf9qt0xpDUtRR47A2GjaXmGGAqQ/k3GJ8A=
github.com/couchbase/gocb/v2 v2.2.1 h1:mtLdB5vROpale3uZ3sGkN+iO0V19qAEnQR/B9NFCS7Q=
github.com/couchbase/gocb/v2 v2.2.1/go.mod h1:w51QTZ42SltdTAQd48f6TT/NVyN3bdOODYaFuKTJ404=
github.com/couchbase/gocbcore/v9 v9.1.2 h1:EOG4D862VLPguoAY8IKbvhd98aroaaKxvaxGfr+v9Rc=
github.com/couchbase/gocbcore/v9 v9.1.2/go.mod h1:jOSQeBSECyNvD7aS4lfuaw+pD5t6ciTOf8hrDP/4Nus=
github.com/couchbase/gomemcached v0.1.2 h1:GKLSnC6RyTXkJ9vyd0q44doU8rfe34PpKkQ+c1bsWmA=
github.com/couchbase/gomemcached v0.1.2/go.mod h1:mxliKQxOv84gQ0bJWbI+w9Wxdpt9HjDvgW9MjCym5Vo=
github.com/couchbase/goutils v0.0.0-20210118111533-e33d3ffb5401 h1:4KDlx3vjalrHD/EfsjCpV91HNX3JPaIqRtt83zZ7x+Y=
github.com/couchbase/goutils v0.0.0-20210118111533-e33d3ffb5401/go.mod h1:BQwMFlJzDjFDG3DJUdU0KORxn88UlsOULuxLExMh3Hs=
github.com/davecgh/go-spew v1.1.0/go.mod h1:J7Y8YcW2NihsgmVo/mv3lAwl/skON4iLHjSsI+c5H38=
github.com/davecgh/go-spew v1.1.1 h1:vj9j/u1bqnvCEfJOwUhtlOARqs3+rkHYY13jYWTU97c=
github.com/davecgh/go-spew v1.1.1/go.mod h1:J7Y8YcW2NihsgmVo/mv3lAwl/skON4iLHjSsI+c5H38=
github.com/golang/snappy v0.0.1 h1:Qgr9rKW7uDUkrbSmQeiDsGa8SjGyCOGtuasMWwvp2P4=
github.com/golang/snappy v0.0.1/go.mod h1:/XxbfmMg8lxefKM7IXC3fBNl/7bRcc72aCRzEWrmP2Q=
github.com/google/uuid v1.1.1 h1:Gkbcsh/GbpXz7lPftLA3P6TYMwjCLYm83jiFQZF/3gY=
github.com/google/uuid v1.1.1/go.mod h1:TIyPZe4MgqvfeYDBFedMoGGpEw/LqOeaOT+nhxU+yHo=
github.com/mattn/go-sqlite3 v1.14.6 h1:dNPt6NO46WmLVt2DLNpwczCmdV5boIZ6g/tlDrlRUbg=
github.com/mattn/go-sqlite3 v1.14.6/go.mod h1:NyWgC/yNuGj7Q9rpYnZvas74GogHl5/Z4A/KQRfk6bU=
github.com/pkg/errors v0.9.1 h1:FEBLx1zS214owpjy7qsBeixbURkuhQAwrK5UwLGTwt4=
github.com/pkg/errors v0.9.1/go.mod h1:bwawxfHBFNV+L2hUp1rHADufV3IMtnDRdf1r5NINEl0=
github.com/pmezard/go-difflib v1.0.0 h1:4DBwDE0NGyQoBHbLQYPwSUPoCMWR5BEzIk/f1lZbAQM=
github.com/pmezard/go-difflib v1.0.0/go.mod h1:iKH77koFhYxTK1pcRnkKkqfTogsbg7gZNVY4sRDYZ/4=
github.com/stretchr/objx v0.1.0/go.mod h1:HFkY916IF+rwdDfMAkV7OtwuqBVzrE8GR6GFx+wExME=
github.com/stretchr/objx v0.1.1 h1:2vfRuCMp5sSVIDSqO8oNnWJq7mPa6KVP3iPIwFBuy8A=
github.com/stretchr/objx v0.1.1/go.mod h1:HFkY916IF+rwdDfMAkV7OtwuqBVzrE8GR6GFx+wExME=
github.com/stretchr/testify v1.5.1/go.mod h1:5W2xD1RspED5o8YsWQXVCued0rvSQ+mT+I5cxcmMvtA=
github.com/stretchr/testify v1.7.0 h1:nwc3DEeHmmLAfoZucVR881uASk0Mfjw8xYJ99tb5CcY=
github.com/stretchr/testify v1.7.0/go.mod h1:6Fq8oRcR53rry900zMqJjRRixrwX3KX962/h/Wwjteg=
golang.org/x/crypto v0.0.0-20190308221718-c2843e01d9a2/go.mod h1:djNgcEr1/C05ACkg1iLfiJU5Ep61QUkGW8qpdssI0+w=
golang.org/x/crypto v0.0.0-20210220033148-5ea612d1eb83 h1:/ZScEX8SfEmUGRHs0gxpqteO5nfNW6axyZbBdw9A12g=
golang.org/x/crypto v0.0.0-20210220033148-5ea612d1eb83/go.mod h1:jdWPYTVW3xRLrWPugEBEK3UY2ZEsg3UU495nc5E+M+I=
golang.org/x/net v0.0.0-20190404232315-eb5bcb51f2a3/go.mod h1:t9HGtf8HONx5eT2rtn7q6eTqICYqUVnKs3thJo3Qplg=
golang.org/x/sys v0.0.0-20190215142949-d0b11bdaac8a/go.mod h1:STP8DvDyc/dI5b8T5hshtkjS+E42TnysNCUPdjciGhY=
golang.org/x/sys v0.0.0-20191026070338-33540a1f6037/go.mod h1:h1NjWce9XRLGQEsW7wpKNCjG9DtNlClVuFLEZdDNbEs=
golang.org/x/sys v0.0.0-20210225080010-8e9945a5478f h1:sllt3L7tbXWWQBiHsIHBEufG7Oi0Xzd34aJQ0VkTQLE=
golang.org/x/sys v0.0.0-20210225080010-8e9945a5478f/go.mod h1:h1NjWce9XRLGQEsW7wpKNCjG9DtNlClVuFLEZdDNbEs=
golang.org/x/term v0.0.0-20201117132131-f5c789dd3221/go.mod h1:Nr5EML6q2oocZ2LXRh80K7BxOlk5/8JxuGnuhpl+muw=
golang.org/x/text v0.3.0/go.mod h1:NqM8EUOU14njkJ3fqMW+pc6Ldnwhi/IjpwHt7yyuwOQ=
gopkg.in/check.v1 v0.0.0-20161208181325-20d25e280405 h1:yhCVgyC4o1eVCa2tZl7eS0r+SDo693bJlVdllGtEeKM=
gopkg.in/check.v1 v0.0.0-20161208181325-20d25e280405/go.mod h1:Co6ibVJAznAaIkqp8huTwlJQCZ016jof/cbN4VW5Yz0=
gopkg.in/yaml.v2 v2.2.2/go.mod h1:hI93XBmqTisBFMUTm0b8Fm+jr3Dg1NNxqwp+5A1VGuI=
gopkg.in/yaml.v3 v3.0.0-20200313102051-9f266ea9e77c/go.mod h1:K4uyk7z7BCEPqu6E+C64Yfv1cQ7kz7rIZviUmN+EgEM=
gopkg.in/yaml.v3 v3.0.0-20210107192922-496545a6307b h1:h8qDotaEPuJATrMmW04NCwg7v22aHH28wwpauUhK9Oo=
gopkg.in/yaml.v3 v3.0.0-20210107192922-496545a6307b/go.mod h1:K4uyk7z7BCEPqu6E+C64Yfv1cQ7kz7rIZviUmN+EgEM=
