github.com/couchbase/tools-common/core v1.0.0 h1:pHz0xN+qhAd/OchSDPQKsZvIulJzFoLK95RVPLbeEBY=
github.com/couchbase/tools-common/core v1.0.0/go.mod h1:jzRm/z2CehQ8xcUAlNL7wRz6EN3o7OPrAgncFiEEA6s=
github.com/couchbase/tools-common/strings v1.0.0 h1:GSP3nA/dDkoLbBPt4Zezfl0KJxLiPyw61PoWrNBsK5g=
github.com/couchbase/tools-common/strings v1.0.0/go.mod h1:946T46RH9TQ9BwDag7oJsKCJrPguvYFeLlfMir7DFAY=
github.com/couchbase/tools-common/sync v1.0.3 h1:Ebq0dFdRo2u9ob5hfjOgYebZe+6Roigmcz2DBMaEGkQ=
github.com/couchbase/tools-common/sync v1.0.3/go.mod h1:+hGgZ1JoPR0Y6sDVjlRdWc7MlJcBmW/jeBYpHb4audM=
github.com/couchbase/tools-common/utils/v2 v2.0.3 h1:EcnS4eZCEpcdxqAAZC2FJMyGeLKZB+hOccVOTRROpWs=
github.com/couchbase/tools-common/utils/v2 v2.0.3/go.mod h1:VlSdVSq3B0Sv2MV5Gc46fQ0n6BEX2YggE8XPd54pIyM=
github.com/davecgh/go-spew v1.1.1 h1:vj9j/u1bqnvCEfJOwUhtlOARqs3+rkHYY13jYWTU97c=
github.com/davecgh/go-spew v1.1.1/go.mod h1:J7Y8YcW2NihsgmVo/mv3lAwl/skON4iLHjSsI+c5H38=
github.com/pmezard/go-difflib v1.0.0 h1:4DBwDE0NGyQoBHbLQYPwSUPoCMWR5BEzIk/f1lZbAQM=
github.com/pmezard/go-difflib v1.0.0/go.mod h1:iKH77koFhYxTK1pcRnkKkqfTogsbg7gZNVY4sRDYZ/4=
github.com/stretchr/testify v1.8.4 h1:CcVxjf3Q8PM0mHUKJCdn+eZZtm5yQwehR5yeSVQQcUk=
github.com/stretchr/testify v1.8.4/go.mod h1:sz/lmYIOXD/1dqDmKjjqLyZ2RngseejIcXlSw2iwfAo=
golang.org/x/exp v0.0.0-20231110203233-9a3e6036ecaa h1:FRnLl4eNAQl8hwxVVC17teOw8kdjVDVAiFMtgUdTSRQ=
golang.org/x/exp v0.0.0-20231110203233-9a3e6036ecaa/go.mod h1:zk2irFbV9DP96SEBUUAy67IdHUaZuSnrz1n472HUCLE=
golang.org/x/sys v0.14.0 h1:Vz7Qs629MkJkGyHxUlRHizWJRG2j8fbQKjELVSNhy7Q=
golang.org/x/sys v0.14.0/go.mod h1:/VUhepiaJMQUp4+oa/7Zr1D23ma6VTLIYjOOTFZPUcA=
golang.org/x/time v0.4.0 h1:Z81tqI5ddIoXDPvVQ7/7CC9TnLM7ubaFG2qXYd5BbYY=
golang.org/x/time v0.4.0/go.mod h1:3BpzKBy/shNhVucY/MWOyx10tF3SFh9QdLuxbVysPQM=
gopkg.in/check.v1 v0.0.0-20161208181325-20d25e280405 h1:yhCVgyC4o1eVCa2tZl7eS0r+SDo693bJlVdllGtEeKM=
gopkg.in/check.v1 v0.0.0-20161208181325-20d25e280405/go.mod h1:Co6ibVJAznAaIkqp8huTwlJQCZ016jof/cbN4VW5Yz0=
gopkg.in/yaml.v3 v3.0.1 h1:fxVm/GzAzEWqLHuvctI91KS9hhNmmWOoWu0XTYJS7CA=
gopkg.in/yaml.v3 v3.0.1/go.mod h1:K4uyk7z7BCEPqu6E+C64Yfv1cQ7kz7rIZviUmN+EgEM=
