github.com/couchbase/tools-common/http v1.0.7 h1:Cs73GNlUEr/hUx+w3beJHj2k+PyerFJZMo3MhW9kBj8=
github.com/couchbase/tools-common/http v1.0.7/go.mod h1:DjwXbyc9PvnIY34MKxG6lF6ucs8c8fbml2oleBbEdZQ=
github.com/couchbase/tools-common/http v1.0.8 h1:kKkpuNdbIN3xQLuUwt+7R4gC2zk/Ka7rOM61jklSXcI=
github.com/couchbase/tools-common/http v1.0.8/go.mod h1:DjwXbyc9PvnIY34MKxG6lF6ucs8c8fbml2oleBbEdZQ=
github.com/couchbase/tools-common/strings v1.0.0 h1:GSP3nA/dDkoLbBPt4Zezfl0KJxLiPyw61PoWrNBsK5g=
github.com/couchbase/tools-common/strings v1.0.0/go.mod h1:946T46RH9TQ9BwDag7oJsKCJrPguvYFeLlfMir7DFAY=
github.com/couchbase/tools-common/types/v2 v2.0.1 h1:Ous2huHQK8kzM+W71dqHS9wVMjcHJLKNk/aNBt2Rqac=
github.com/couchbase/tools-common/types/v2 v2.0.1/go.mod h1:1YmOjnj2QE/Y+jM9obyqjBEUMK2lYV0e9Xt11wX701E=
github.com/davecgh/go-spew v1.1.1 h1:vj9j/u1bqnvCEfJOwUhtlOARqs3+rkHYY13jYWTU97c=
github.com/davecgh/go-spew v1.1.1/go.mod h1:J7Y8YcW2NihsgmVo/mv3lAwl/skON4iLHjSsI+c5H38=
github.com/pmezard/go-difflib v1.0.0 h1:4DBwDE0NGyQoBHbLQYPwSUPoCMWR5BEzIk/f1lZbAQM=
github.com/pmezard/go-difflib v1.0.0/go.mod h1:iKH77koFhYxTK1pcRnkKkqfTogsbg7gZNVY4sRDYZ/4=
github.com/stretchr/testify v1.8.4 h1:CcVxjf3Q8PM0mHUKJCdn+eZZtm5yQwehR5yeSVQQcUk=
github.com/stretchr/testify v1.8.4/go.mod h1:sz/lmYIOXD/1dqDmKjjqLyZ2RngseejIcXlSw2iwfAo=
gopkg.in/check.v1 v0.0.0-20161208181325-20d25e280405 h1:yhCVgyC4o1eVCa2tZl7eS0r+SDo693bJlVdllGtEeKM=
gopkg.in/check.v1 v0.0.0-20161208181325-20d25e280405/go.mod h1:Co6ibVJAznAaIkqp8huTwlJQCZ016jof/cbN4VW5Yz0=
gopkg.in/yaml.v3 v3.0.1 h1:fxVm/GzAzEWqLHuvctI91KS9hhNmmWOoWu0XTYJS7CA=
gopkg.in/yaml.v3 v3.0.1/go.mod h1:K4uyk7z7BCEPqu6E+C64Yfv1cQ7kz7rIZviUmN+EgEM=
