github.com/couchbase/tools-common/errors v1.1.0 h1:ruGRk4YX7UBiqBGmMgl5QaLXbH6L33lD4zxgoGE4/OY=
github.com/couchbase/tools-common/errors v1.1.0/go.mod h1:fIO0OUBgKtTD5UW34aRyZYjqnx58rY0/ZjX2EGT3xtQ=
github.com/couchbase/tools-common/types/v2 v2.2.3 h1:2mzcAZPeGtJgNseRmUWmNpbHPr5ybaj/eovb0PtHBUU=
github.com/couchbase/tools-common/types/v2 v2.2.3/go.mod h1:GDpy2jkxN1gXUixBtXVVqWTHoeZ27B+pB8mAXBtmTdw=
github.com/stretchr/testify v1.12.1 h1:EuwCh5fleGS7H32xRwO3wRGT7DxrDhLAT6FF8MpWDWE=
github.com/stretchr/testify v1.12.1/go.mod h1:MDEgiDPPsNp5cuIrHPPCyornHKgEVbtFUmoNlxoYthg=
github.com/youmark/pkcs8 v0.0.0-20240726163527-a2c0da244d78 h1:ilQV1hzziu+LLM3zUTJ0trRztfwgjqKnBWNtSRkbmwM=
github.com/youmark/pkcs8 v0.0.0-20240726163527-a2c0da244d78/go.mod h1:aL8wCCfTfSfmXjznFBSZNN13rSJjlIOI1fUNAtF7rmI=
go.yaml.in/yaml/v3 v3.0.5 h1:N6y/pJk8buWs9NY5ERU2HSMfm+IuD/OtfdAnq6kESPw=
go.yaml.in/yaml/v3 v3.0.5/go.mod h1:HVTZu1O7/Vkt2N+BFy8Zza+lnLsABggaTM2ZpNIGuKg=
golang.org/x/crypto v0.55.0 h1:+KWHjbgOaAQ66dh/YlkZKHlz9ZUlq61AFirAR9ntP8M=
golang.org/x/crypto v0.55.0/go.mod h1:uq0V9dE/fzQuJtbnL+2EhWOE63vo164FY8xqEnV9xis=
